
Microsoft Visual Studio Solution File, Format Version 12.00
Project("{FAE04EC0-301F-11D3-BF4B-00C04F79EFBC}") = "JiraToMarkdown", "JiraToMarkdown\JiraToMarkdown.csproj", "{BA7F37FD-A154-49F0-84F2-4992406C7751}"
EndProject
Global
	GlobalSection(SolutionConfigurationPlatforms) = preSolution
		Debug|Any CPU = Debug|Any CPU
		Release|Any CPU = Release|Any CPU
	EndGlobalSection
	GlobalSection(ProjectConfigurationPlatforms) = postSolution
		{BA7F37FD-A154-49F0-84F2-4992406C7751}.Debug|Any CPU.ActiveCfg = Debug|Any CPU
		{BA7F37FD-A154-49F0-84F2-4992406C7751}.Debug|Any CPU.Build.0 = Debug|Any CPU
		{BA7F37FD-A154-49F0-84F2-4992406C7751}.Release|Any CPU.ActiveCfg = Release|Any CPU
		{BA7F37FD-A154-49F0-84F2-4992406C7751}.Release|Any CPU.Build.0 = Release|Any CPU
	EndGlobalSection
EndGlobal
